
Microsoft Visual Studio Solution File, Format Version 12.00
# Visual Studio Version 17
VisualStudioVersion = 17.14.36109.1 d17.14
MinimumVisualStudioVersion = 10.0.40219.1
Project("{FAE04EC0-301F-11D3-BF4B-00C04F79EFBC}") = "Printinvest_WPF_app", "Printinvest_WPF_app\Printinvest_WPF_app.csproj", "{A250DD2B-5DFB-4535-BC55-7BA96E5A1662}"
EndProject
Global
	GlobalSection(SolutionConfigurationPlatforms) = preSolution
		Debug|Any CPU = Debug|Any CPU
		Release|Any CPU = Release|Any CPU
	EndGlobalSection
	GlobalSection(ProjectConfigurationPlatforms) = postSolution
		{A250DD2B-5DFB-4535-BC55-7BA96E5A1662}.Debug|Any CPU.ActiveCfg = Debug|Any CPU
		{A250DD2B-5DFB-4535-BC55-7BA96E5A1662}.Debug|Any CPU.Build.0 = Debug|Any CPU
		{A250DD2B-5DFB-4535-BC55-7BA96E5A1662}.Release|Any CPU.ActiveCfg = Release|Any CPU
		{A250DD2B-5DFB-4535-BC55-7BA96E5A1662}.Release|Any CPU.Build.0 = Release|Any CPU
	EndGlobalSection
	GlobalSection(SolutionProperties) = preSolution
		HideSolutionNode = FALSE
	EndGlobalSection
	GlobalSection(ExtensibilityGlobals) = postSolution
		SolutionGuid = {F8E998EF-9042-4596-B4C5-362A50F5BFAA}
	EndGlobalSection
EndGlobal
